
Microsoft Visual Studio Solution File, Format Version 12.00
# Visual Studio Version 17
VisualStudioVersion = 17.8.34316.72
MinimumVisualStudioVersion = 10.0.40219.1
Project("{FAE04EC0-301F-11D3-BF4B-00C04F79EFBC}") = "TestCompany", "TestCompany\TestCompany.csproj", "{BC2F65A3-6926-42E5-AB95-2583EAFEF480}"
EndProject
Project("{FAE04EC0-301F-11D3-BF4B-00C04F79EFBC}") = "TCPData", "TCPData\TCPData.csproj", "{CC5EEF36-4AF9-43F2-9D85-B2D3B26E6F61}"
EndProject
Project("{FAE04EC0-301F-11D3-BF4B-00C04F79EFBC}") = "TCPExtensions", "TCPExtensions\TCPExtensions.csproj", "{83C0A777-7C39-46D0-8AD0-0B05C5BA6D8C}"
EndProject
Global
	GlobalSection(SolutionConfigurationPlatforms) = preSolution
		Debug|Any CPU = Debug|Any CPU
		Release|Any CPU = Release|Any CPU
	EndGlobalSection
	GlobalSection(ProjectConfigurationPlatforms) = postSolution
		{BC2F65A3-6926-42E5-AB95-2583EAFEF480}.Debug|Any CPU.ActiveCfg = Debug|Any CPU
		{BC2F65A3-6926-42E5-AB95-2583EAFEF480}.Debug|Any CPU.Build.0 = Debug|Any CPU
		{BC2F65A3-6926-42E5-AB95-2583EAFEF480}.Release|Any CPU.ActiveCfg = Release|Any CPU
		{BC2F65A3-6926-42E5-AB95-2583EAFEF480}.Release|Any CPU.Build.0 = Release|Any CPU
		{CC5EEF36-4AF9-43F2-9D85-B2D3B26E6F61}.Debug|Any CPU.ActiveCfg = Debug|Any CPU
		{CC5EEF36-4AF9-43F2-9D85-B2D3B26E6F61}.Debug|Any CPU.Build.0 = Debug|Any CPU
		{CC5EEF36-4AF9-43F2-9D85-B2D3B26E6F61}.Release|Any CPU.ActiveCfg = Release|Any CPU
		{CC5EEF36-4AF9-43F2-9D85-B2D3B26E6F61}.Release|Any CPU.Build.0 = Release|Any CPU
		{83C0A777-7C39-46D0-8AD0-0B05C5BA6D8C}.Debug|Any CPU.ActiveCfg = Debug|Any CPU
		{83C0A777-7C39-46D0-8AD0-0B05C5BA6D8C}.Debug|Any CPU.Build.0 = Debug|Any CPU
		{83C0A777-7C39-46D0-8AD0-0B05C5BA6D8C}.Release|Any CPU.ActiveCfg = Release|Any CPU
		{83C0A777-7C39-46D0-8AD0-0B05C5BA6D8C}.Release|Any CPU.Build.0 = Release|Any CPU
	EndGlobalSection
	GlobalSection(SolutionProperties) = preSolution
		HideSolutionNode = FALSE
	EndGlobalSection
	GlobalSection(ExtensibilityGlobals) = postSolution
		SolutionGuid = {448907B8-1B08-461B-BAE8-FBE72E703424}
	EndGlobalSection
EndGlobal
