
Microsoft Visual Studio Solution File, Format Version 12.00
# Visual Studio Version 17
VisualStudioVersion = 17.8.34316.72
MinimumVisualStudioVersion = 10.0.40219.1
Project("{FAE04EC0-301F-11D3-BF4B-00C04F79EFBC}") = "3-LINQ-Operators", "3-LINQ-Operators.csproj", "{79002E86-E0AD-4357-82CE-61ED6D542CC2}"
EndProject
Global
	GlobalSection(SolutionConfigurationPlatforms) = preSolution
		Debug|Any CPU = Debug|Any CPU
		Release|Any CPU = Release|Any CPU
	EndGlobalSection
	GlobalSection(ProjectConfigurationPlatforms) = postSolution
		{79002E86-E0AD-4357-82CE-61ED6D542CC2}.Debug|Any CPU.ActiveCfg = Debug|Any CPU
		{79002E86-E0AD-4357-82CE-61ED6D542CC2}.Debug|Any CPU.Build.0 = Debug|Any CPU
		{79002E86-E0AD-4357-82CE-61ED6D542CC2}.Release|Any CPU.ActiveCfg = Release|Any CPU
		{79002E86-E0AD-4357-82CE-61ED6D542CC2}.Release|Any CPU.Build.0 = Release|Any CPU
	EndGlobalSection
	GlobalSection(SolutionProperties) = preSolution
		HideSolutionNode = FALSE
	EndGlobalSection
	GlobalSection(ExtensibilityGlobals) = postSolution
		SolutionGuid = {54DA65AA-BA70-4308-A0F5-BBA4967F8676}
	EndGlobalSection
EndGlobal
